
Microsoft Visual Studio Solution File, Format Version 12.00
# Visual Studio 15
VisualStudioVersion = 15.0.28307.168
MinimumVisualStudioVersion = 10.0.40219.1
Project("{888888A0-9F3D-457C-B088-3A5042F75D52}") = "SimpleChat", "SimpleChat.pyproj", "{C2FF87F4-BA56-4664-B80B-840D6C39B0B6}"
EndProject
Global
	GlobalSection(SolutionConfigurationPlatforms) = preSolution
		Debug|Any CPU = Debug|Any CPU
		Release|Any CPU = Release|Any CPU
	EndGlobalSection
	GlobalSection(ProjectConfigurationPlatforms) = postSolution
		{C2FF87F4-BA56-4664-B80B-840D6C39B0B6}.Debug|Any CPU.ActiveCfg = Debug|Any CPU
		{C2FF87F4-BA56-4664-B80B-840D6C39B0B6}.Debug|Any CPU.Build.0 = Debug|Any CPU
		{C2FF87F4-BA56-4664-B80B-840D6C39B0B6}.Release|Any CPU.ActiveCfg = Release|Any CPU
		{C2FF87F4-BA56-4664-B80B-840D6C39B0B6}.Release|Any CPU.Build.0 = Release|Any CPU
	EndGlobalSection
	GlobalSection(SolutionProperties) = preSolution
		HideSolutionNode = FALSE
	EndGlobalSection
	GlobalSection(ExtensibilityGlobals) = postSolution
		SolutionGuid = {5BD5F0AD-5EA6-491D-A495-0371CCE9B528}
	EndGlobalSection
EndGlobal
